
Microsoft Visual Studio Solution File, Format Version 12.00
# Visual Studio Version 16
VisualStudioVersion = 16.6.30114.105
MinimumVisualStudioVersion = 10.0.40219.1
Project("{FAE04EC0-301F-11D3-BF4B-00C04F79EFBC}") = "API", "API\API.csproj", "{B2BC5D92-79D4-4BC9-8E09-738A1C5B75E8}"
EndProject
Project("{FAE04EC0-301F-11D3-BF4B-00C04F79EFBC}") = "Application", "Application\Application.csproj", "{A3EDB00C-8914-4075-ACED-2F7B124C1074}"
EndProject
Project("{FAE04EC0-301F-11D3-BF4B-00C04F79EFBC}") = "Persistence", "Persistence\Persistence.csproj", "{CE65ADEE-6284-4C01-B33B-B5F4385BD422}"
EndProject
Project("{FAE04EC0-301F-11D3-BF4B-00C04F79EFBC}") = "Domain", "Domain\Domain.csproj", "{6CDC9A20-1029-4E1D-882F-5A423BC899E3}"
EndProject
Global
	GlobalSection(SolutionConfigurationPlatforms) = preSolution
		Debug|Any CPU = Debug|Any CPU
		Debug|x64 = Debug|x64
		Debug|x86 = Debug|x86
		Release|Any CPU = Release|Any CPU
		Release|x64 = Release|x64
		Release|x86 = Release|x86
	EndGlobalSection
	GlobalSection(SolutionProperties) = preSolution
		HideSolutionNode = FALSE
	EndGlobalSection
	GlobalSection(ProjectConfigurationPlatforms) = postSolution
		{B2BC5D92-79D4-4BC9-8E09-738A1C5B75E8}.Debug|Any CPU.ActiveCfg = Debug|Any CPU
		{B2BC5D92-79D4-4BC9-8E09-738A1C5B75E8}.Debug|Any CPU.Build.0 = Debug|Any CPU
		{B2BC5D92-79D4-4BC9-8E09-738A1C5B75E8}.Debug|x64.ActiveCfg = Debug|Any CPU
		{B2BC5D92-79D4-4BC9-8E09-738A1C5B75E8}.Debug|x64.Build.0 = Debug|Any CPU
		{B2BC5D92-79D4-4BC9-8E09-738A1C5B75E8}.Debug|x86.ActiveCfg = Debug|Any CPU
		{B2BC5D92-79D4-4BC9-8E09-738A1C5B75E8}.Debug|x86.Build.0 = Debug|Any CPU
		{B2BC5D92-79D4-4BC9-8E09-738A1C5B75E8}.Release|Any CPU.ActiveCfg = Release|Any CPU
		{B2BC5D92-79D4-4BC9-8E09-738A1C5B75E8}.Release|Any CPU.Build.0 = Release|Any CPU
		{B2BC5D92-79D4-4BC9-8E09-738A1C5B75E8}.Release|x64.ActiveCfg = Release|Any CPU
		{B2BC5D92-79D4-4BC9-8E09-738A1C5B75E8}.Release|x64.Build.0 = Release|Any CPU
		{B2BC5D92-79D4-4BC9-8E09-738A1C5B75E8}.Release|x86.ActiveCfg = Release|Any CPU
		{B2BC5D92-79D4-4BC9-8E09-738A1C5B75E8}.Release|x86.Build.0 = Release|Any CPU
		{A3EDB00C-8914-4075-ACED-2F7B124C1074}.Debug|Any CPU.ActiveCfg = Debug|Any CPU
		{A3EDB00C-8914-4075-ACED-2F7B124C1074}.Debug|Any CPU.Build.0 = Debug|Any CPU
		{A3EDB00C-8914-4075-ACED-2F7B124C1074}.Debug|x64.ActiveCfg = Debug|Any CPU
		{A3EDB00C-8914-4075-ACED-2F7B124C1074}.Debug|x64.Build.0 = Debug|Any CPU
		{A3EDB00C-8914-4075-ACED-2F7B124C1074}.Debug|x86.ActiveCfg = Debug|Any CPU
		{A3EDB00C-8914-4075-ACED-2F7B124C1074}.Debug|x86.Build.0 = Debug|Any CPU
		{A3EDB00C-8914-4075-ACED-2F7B124C1074}.Release|Any CPU.ActiveCfg = Release|Any CPU
		{A3EDB00C-8914-4075-ACED-2F7B124C1074}.Release|Any CPU.Build.0 = Release|Any CPU
		{A3EDB00C-8914-4075-ACED-2F7B124C1074}.Release|x64.ActiveCfg = Release|Any CPU
		{A3EDB00C-8914-4075-ACED-2F7B124C1074}.Release|x64.Build.0 = Release|Any CPU
		{A3EDB00C-8914-4075-ACED-2F7B124C1074}.Release|x86.ActiveCfg = Release|Any CPU
		{A3EDB00C-8914-4075-ACED-2F7B124C1074}.Release|x86.Build.0 = Release|Any CPU
		{CE65ADEE-6284-4C01-B33B-B5F4385BD422}.Debug|Any CPU.ActiveCfg = Debug|Any CPU
		{CE65ADEE-6284-4C01-B33B-B5F4385BD422}.Debug|Any CPU.Build.0 = Debug|Any CPU
		{CE65ADEE-6284-4C01-B33B-B5F4385BD422}.Debug|x64.ActiveCfg = Debug|Any CPU
		{CE65ADEE-6284-4C01-B33B-B5F4385BD422}.Debug|x64.Build.0 = Debug|Any CPU
		{CE65ADEE-6284-4C01-B33B-B5F4385BD422}.Debug|x86.ActiveCfg = Debug|Any CPU
		{CE65ADEE-6284-4C01-B33B-B5F4385BD422}.Debug|x86.Build.0 = Debug|Any CPU
		{CE65ADEE-6284-4C01-B33B-B5F4385BD422}.Release|Any CPU.ActiveCfg = Release|Any CPU
		{CE65ADEE-6284-4C01-B33B-B5F4385BD422}.Release|Any CPU.Build.0 = Release|Any CPU
		{CE65ADEE-6284-4C01-B33B-B5F4385BD422}.Release|x64.ActiveCfg = Release|Any CPU
		{CE65ADEE-6284-4C01-B33B-B5F4385BD422}.Release|x64.Build.0 = Release|Any CPU
		{CE65ADEE-6284-4C01-B33B-B5F4385BD422}.Release|x86.ActiveCfg = Release|Any CPU
		{CE65ADEE-6284-4C01-B33B-B5F4385BD422}.Release|x86.Build.0 = Release|Any CPU
		{6CDC9A20-1029-4E1D-882F-5A423BC899E3}.Debug|Any CPU.ActiveCfg = Debug|Any CPU
		{6CDC9A20-1029-4E1D-882F-5A423BC899E3}.Debug|Any CPU.Build.0 = Debug|Any CPU
		{6CDC9A20-1029-4E1D-882F-5A423BC899E3}.Debug|x64.ActiveCfg = Debug|Any CPU
		{6CDC9A20-1029-4E1D-882F-5A423BC899E3}.Debug|x64.Build.0 = Debug|Any CPU
		{6CDC9A20-1029-4E1D-882F-5A423BC899E3}.Debug|x86.ActiveCfg = Debug|Any CPU
		{6CDC9A20-1029-4E1D-882F-5A423BC899E3}.Debug|x86.Build.0 = Debug|Any CPU
		{6CDC9A20-1029-4E1D-882F-5A423BC899E3}.Release|Any CPU.ActiveCfg = Release|Any CPU
		{6CDC9A20-1029-4E1D-882F-5A423BC899E3}.Release|Any CPU.Build.0 = Release|Any CPU
		{6CDC9A20-1029-4E1D-882F-5A423BC899E3}.Release|x64.ActiveCfg = Release|Any CPU
		{6CDC9A20-1029-4E1D-882F-5A423BC899E3}.Release|x64.Build.0 = Release|Any CPU
		{6CDC9A20-1029-4E1D-882F-5A423BC899E3}.Release|x86.ActiveCfg = Release|Any CPU
		{6CDC9A20-1029-4E1D-882F-5A423BC899E3}.Release|x86.Build.0 = Release|Any CPU
	EndGlobalSection
EndGlobal
